
Microsoft Visual Studio Solution File, Format Version 12.00
# Visual Studio Version 16
VisualStudioVersion = 16.0.30907.101
MinimumVisualStudioVersion = 10.0.40219.1
Project("{FAE04EC0-301F-11D3-BF4B-00C04F79EFBC}") = "LibraryTaskManager", "TaskManager\LibraryTaskManager.csproj", "{9BAF9379-8AFC-497D-910F-8918C6DBAA0A}"
EndProject
Project("{FAE04EC0-301F-11D3-BF4B-00C04F79EFBC}") = "ConsoleApplication", "ConsoleApplication\ConsoleApplication.csproj", "{D0347994-26BE-4029-A7C5-59A1406C8D1C}"
EndProject
Global
	GlobalSection(SolutionConfigurationPlatforms) = preSolution
		Debug|Any CPU = Debug|Any CPU
		Release|Any CPU = Release|Any CPU
	EndGlobalSection
	GlobalSection(ProjectConfigurationPlatforms) = postSolution
		{9BAF9379-8AFC-497D-910F-8918C6DBAA0A}.Debug|Any CPU.ActiveCfg = Debug|Any CPU
		{9BAF9379-8AFC-497D-910F-8918C6DBAA0A}.Debug|Any CPU.Build.0 = Debug|Any CPU
		{9BAF9379-8AFC-497D-910F-8918C6DBAA0A}.Release|Any CPU.ActiveCfg = Release|Any CPU
		{9BAF9379-8AFC-497D-910F-8918C6DBAA0A}.Release|Any CPU.Build.0 = Release|Any CPU
		{D0347994-26BE-4029-A7C5-59A1406C8D1C}.Debug|Any CPU.ActiveCfg = Debug|Any CPU
		{D0347994-26BE-4029-A7C5-59A1406C8D1C}.Debug|Any CPU.Build.0 = Debug|Any CPU
		{D0347994-26BE-4029-A7C5-59A1406C8D1C}.Release|Any CPU.ActiveCfg = Release|Any CPU
		{D0347994-26BE-4029-A7C5-59A1406C8D1C}.Release|Any CPU.Build.0 = Release|Any CPU
	EndGlobalSection
	GlobalSection(SolutionProperties) = preSolution
		HideSolutionNode = FALSE
	EndGlobalSection
	GlobalSection(ExtensibilityGlobals) = postSolution
		SolutionGuid = {8829C066-7686-4D83-B578-DAC0C42110C3}
	EndGlobalSection
EndGlobal
